
Microsoft Visual Studio Solution File, Format Version 12.00
# Visual Studio Version 17
VisualStudioVersion = 17.0.31903.59
MinimumVisualStudioVersion = 10.0.40219.1
Project("{2150E333-8FDC-42A3-9474-1A3956D46DE8}") = "01_Domain", "01_Domain", "{A2E3EE49-5E4E-4ADC-9DC0-6187346BAE35}"
EndProject
Project("{2150E333-8FDC-42A3-9474-1A3956D46DE8}") = "02_Application", "02_Application", "{F5C6BD0D-0D34-43D1-99CC-CF28CBDEBB39}"
EndProject
Project("{2150E333-8FDC-42A3-9474-1A3956D46DE8}") = "03_Infrastructure", "03_Infrastructure", "{06D6FC3F-7BFD-4CAA-A01E-62F6B736C414}"
EndProject
Project("{FAE04EC0-301F-11D3-BF4B-00C04F79EFBC}") = "SSB.Application", "SSB.Application\SSB.Application.csproj", "{851D7377-35AD-4025-92CF-CD47B103AB81}"
EndProject
Project("{FAE04EC0-301F-11D3-BF4B-00C04F79EFBC}") = "SSB.Domain", "SSB.Domain\SSB.Domain.csproj", "{0FA24E8B-04BB-43CF-B5EA-69B01B4A2D67}"
EndProject
Project("{FAE04EC0-301F-11D3-BF4B-00C04F79EFBC}") = "SSB.Persistence", "SSB.Persistence\SSB.Persistence.csproj", "{C09F1C38-0BF7-42A2-85F7-F22E4B32A5EB}"
EndProject
Project("{2150E333-8FDC-42A3-9474-1A3956D46DE8}") = "04_Presentation", "04_Presentation", "{F546D218-DF7A-4F4C-97A8-7C894CF24817}"
EndProject
Project("{FAE04EC0-301F-11D3-BF4B-00C04F79EFBC}") = "SSB.Presentation.WinForm", "SSB.Presentation.WinForm\SSB.Presentation.WinForm.csproj", "{735F178B-2E6E-42C3-8368-31E6AC1A1976}"
EndProject
Project("{FAE04EC0-301F-11D3-BF4B-00C04F79EFBC}") = "SSB.Services", "SSB.Services\SSB.Services.csproj", "{B197978E-7C1F-43D6-889E-4BF9B07AACD7}"
EndProject
Global
	GlobalSection(SolutionConfigurationPlatforms) = preSolution
		Debug|Any CPU = Debug|Any CPU
		Debug|x64 = Debug|x64
		Debug|x86 = Debug|x86
		Release|Any CPU = Release|Any CPU
		Release|x64 = Release|x64
		Release|x86 = Release|x86
	EndGlobalSection
	GlobalSection(ProjectConfigurationPlatforms) = postSolution
		{851D7377-35AD-4025-92CF-CD47B103AB81}.Debug|Any CPU.ActiveCfg = Debug|Any CPU
		{851D7377-35AD-4025-92CF-CD47B103AB81}.Debug|Any CPU.Build.0 = Debug|Any CPU
		{851D7377-35AD-4025-92CF-CD47B103AB81}.Debug|x64.ActiveCfg = Debug|Any CPU
		{851D7377-35AD-4025-92CF-CD47B103AB81}.Debug|x64.Build.0 = Debug|Any CPU
		{851D7377-35AD-4025-92CF-CD47B103AB81}.Debug|x86.ActiveCfg = Debug|Any CPU
		{851D7377-35AD-4025-92CF-CD47B103AB81}.Debug|x86.Build.0 = Debug|Any CPU
		{851D7377-35AD-4025-92CF-CD47B103AB81}.Release|Any CPU.ActiveCfg = Release|Any CPU
		{851D7377-35AD-4025-92CF-CD47B103AB81}.Release|Any CPU.Build.0 = Release|Any CPU
		{851D7377-35AD-4025-92CF-CD47B103AB81}.Release|x64.ActiveCfg = Release|Any CPU
		{851D7377-35AD-4025-92CF-CD47B103AB81}.Release|x64.Build.0 = Release|Any CPU
		{851D7377-35AD-4025-92CF-CD47B103AB81}.Release|x86.ActiveCfg = Release|Any CPU
		{851D7377-35AD-4025-92CF-CD47B103AB81}.Release|x86.Build.0 = Release|Any CPU
		{0FA24E8B-04BB-43CF-B5EA-69B01B4A2D67}.Debug|Any CPU.ActiveCfg = Debug|Any CPU
		{0FA24E8B-04BB-43CF-B5EA-69B01B4A2D67}.Debug|Any CPU.Build.0 = Debug|Any CPU
		{0FA24E8B-04BB-43CF-B5EA-69B01B4A2D67}.Debug|x64.ActiveCfg = Debug|Any CPU
		{0FA24E8B-04BB-43CF-B5EA-69B01B4A2D67}.Debug|x64.Build.0 = Debug|Any CPU
		{0FA24E8B-04BB-43CF-B5EA-69B01B4A2D67}.Debug|x86.ActiveCfg = Debug|Any CPU
		{0FA24E8B-04BB-43CF-B5EA-69B01B4A2D67}.Debug|x86.Build.0 = Debug|Any CPU
		{0FA24E8B-04BB-43CF-B5EA-69B01B4A2D67}.Release|Any CPU.ActiveCfg = Release|Any CPU
		{0FA24E8B-04BB-43CF-B5EA-69B01B4A2D67}.Release|Any CPU.Build.0 = Release|Any CPU
		{0FA24E8B-04BB-43CF-B5EA-69B01B4A2D67}.Release|x64.ActiveCfg = Release|Any CPU
		{0FA24E8B-04BB-43CF-B5EA-69B01B4A2D67}.Release|x64.Build.0 = Release|Any CPU
		{0FA24E8B-04BB-43CF-B5EA-69B01B4A2D67}.Release|x86.ActiveCfg = Release|Any CPU
		{0FA24E8B-04BB-43CF-B5EA-69B01B4A2D67}.Release|x86.Build.0 = Release|Any CPU
		{C09F1C38-0BF7-42A2-85F7-F22E4B32A5EB}.Debug|Any CPU.ActiveCfg = Debug|Any CPU
		{C09F1C38-0BF7-42A2-85F7-F22E4B32A5EB}.Debug|Any CPU.Build.0 = Debug|Any CPU
		{C09F1C38-0BF7-42A2-85F7-F22E4B32A5EB}.Debug|x64.ActiveCfg = Debug|Any CPU
		{C09F1C38-0BF7-42A2-85F7-F22E4B32A5EB}.Debug|x64.Build.0 = Debug|Any CPU
		{C09F1C38-0BF7-42A2-85F7-F22E4B32A5EB}.Debug|x86.ActiveCfg = Debug|Any CPU
		{C09F1C38-0BF7-42A2-85F7-F22E4B32A5EB}.Debug|x86.Build.0 = Debug|Any CPU
		{C09F1C38-0BF7-42A2-85F7-F22E4B32A5EB}.Release|Any CPU.ActiveCfg = Release|Any CPU
		{C09F1C38-0BF7-42A2-85F7-F22E4B32A5EB}.Release|Any CPU.Build.0 = Release|Any CPU
		{C09F1C38-0BF7-42A2-85F7-F22E4B32A5EB}.Release|x64.ActiveCfg = Release|Any CPU
		{C09F1C38-0BF7-42A2-85F7-F22E4B32A5EB}.Release|x64.Build.0 = Release|Any CPU
		{C09F1C38-0BF7-42A2-85F7-F22E4B32A5EB}.Release|x86.ActiveCfg = Release|Any CPU
		{C09F1C38-0BF7-42A2-85F7-F22E4B32A5EB}.Release|x86.Build.0 = Release|Any CPU
		{735F178B-2E6E-42C3-8368-31E6AC1A1976}.Debug|Any CPU.ActiveCfg = Debug|Any CPU
		{735F178B-2E6E-42C3-8368-31E6AC1A1976}.Debug|Any CPU.Build.0 = Debug|Any CPU
		{735F178B-2E6E-42C3-8368-31E6AC1A1976}.Debug|x64.ActiveCfg = Debug|Any CPU
		{735F178B-2E6E-42C3-8368-31E6AC1A1976}.Debug|x64.Build.0 = Debug|Any CPU
		{735F178B-2E6E-42C3-8368-31E6AC1A1976}.Debug|x86.ActiveCfg = Debug|Any CPU
		{735F178B-2E6E-42C3-8368-31E6AC1A1976}.Debug|x86.Build.0 = Debug|Any CPU
		{735F178B-2E6E-42C3-8368-31E6AC1A1976}.Release|Any CPU.ActiveCfg = Release|Any CPU
		{735F178B-2E6E-42C3-8368-31E6AC1A1976}.Release|Any CPU.Build.0 = Release|Any CPU
		{735F178B-2E6E-42C3-8368-31E6AC1A1976}.Release|x64.ActiveCfg = Release|Any CPU
		{735F178B-2E6E-42C3-8368-31E6AC1A1976}.Release|x64.Build.0 = Release|Any CPU
		{735F178B-2E6E-42C3-8368-31E6AC1A1976}.Release|x86.ActiveCfg = Release|Any CPU
		{735F178B-2E6E-42C3-8368-31E6AC1A1976}.Release|x86.Build.0 = Release|Any CPU
		{B197978E-7C1F-43D6-889E-4BF9B07AACD7}.Debug|Any CPU.ActiveCfg = Debug|Any CPU
		{B197978E-7C1F-43D6-889E-4BF9B07AACD7}.Debug|Any CPU.Build.0 = Debug|Any CPU
		{B197978E-7C1F-43D6-889E-4BF9B07AACD7}.Debug|x64.ActiveCfg = Debug|Any CPU
		{B197978E-7C1F-43D6-889E-4BF9B07AACD7}.Debug|x64.Build.0 = Debug|Any CPU
		{B197978E-7C1F-43D6-889E-4BF9B07AACD7}.Debug|x86.ActiveCfg = Debug|Any CPU
		{B197978E-7C1F-43D6-889E-4BF9B07AACD7}.Debug|x86.Build.0 = Debug|Any CPU
		{B197978E-7C1F-43D6-889E-4BF9B07AACD7}.Release|Any CPU.ActiveCfg = Release|Any CPU
		{B197978E-7C1F-43D6-889E-4BF9B07AACD7}.Release|Any CPU.Build.0 = Release|Any CPU
		{B197978E-7C1F-43D6-889E-4BF9B07AACD7}.Release|x64.ActiveCfg = Release|Any CPU
		{B197978E-7C1F-43D6-889E-4BF9B07AACD7}.Release|x64.Build.0 = Release|Any CPU
		{B197978E-7C1F-43D6-889E-4BF9B07AACD7}.Release|x86.ActiveCfg = Release|Any CPU
		{B197978E-7C1F-43D6-889E-4BF9B07AACD7}.Release|x86.Build.0 = Release|Any CPU
	EndGlobalSection
	GlobalSection(SolutionProperties) = preSolution
		HideSolutionNode = FALSE
	EndGlobalSection
	GlobalSection(NestedProjects) = preSolution
		{851D7377-35AD-4025-92CF-CD47B103AB81} = {F5C6BD0D-0D34-43D1-99CC-CF28CBDEBB39}
		{0FA24E8B-04BB-43CF-B5EA-69B01B4A2D67} = {A2E3EE49-5E4E-4ADC-9DC0-6187346BAE35}
		{C09F1C38-0BF7-42A2-85F7-F22E4B32A5EB} = {06D6FC3F-7BFD-4CAA-A01E-62F6B736C414}
		{735F178B-2E6E-42C3-8368-31E6AC1A1976} = {F546D218-DF7A-4F4C-97A8-7C894CF24817}
		{B197978E-7C1F-43D6-889E-4BF9B07AACD7} = {06D6FC3F-7BFD-4CAA-A01E-62F6B736C414}
	EndGlobalSection
EndGlobal
